
Microsoft Visual Studio Solution File, Format Version 12.00
# Visual Studio Version 16
VisualStudioVersion = 16.0.30611.23
MinimumVisualStudioVersion = 10.0.40219.1
Project("{FAE04EC0-301F-11D3-BF4B-00C04F79EFBC}") = "DeviantScroller", "DeviantScroller\DeviantScroller.csproj", "{02D2757E-DEE7-40F6-A7A6-BF2CDE598BA3}"
EndProject
Global
	GlobalSection(SolutionConfigurationPlatforms) = preSolution
		Debug|Any CPU = Debug|Any CPU
		Release|Any CPU = Release|Any CPU
	EndGlobalSection
	GlobalSection(ProjectConfigurationPlatforms) = postSolution
		{02D2757E-DEE7-40F6-A7A6-BF2CDE598BA3}.Debug|Any CPU.ActiveCfg = Debug|Any CPU
		{02D2757E-DEE7-40F6-A7A6-BF2CDE598BA3}.Debug|Any CPU.Build.0 = Debug|Any CPU
		{02D2757E-DEE7-40F6-A7A6-BF2CDE598BA3}.Release|Any CPU.ActiveCfg = Release|Any CPU
		{02D2757E-DEE7-40F6-A7A6-BF2CDE598BA3}.Release|Any CPU.Build.0 = Release|Any CPU
	EndGlobalSection
	GlobalSection(SolutionProperties) = preSolution
		HideSolutionNode = FALSE
	EndGlobalSection
	GlobalSection(ExtensibilityGlobals) = postSolution
		SolutionGuid = {8A396426-31D3-49CD-ACE0-F2958E95BA7E}
	EndGlobalSection
EndGlobal
